
Microsoft Visual Studio Solution File, Format Version 12.00
# Visual Studio 2013
VisualStudioVersion = 12.0.21005.1
MinimumVisualStudioVersion = 10.0.40219.1
Project("{FAE04EC0-301F-11D3-BF4B-00C04F79EFBC}") = "webdriver_demo", "webdriver_demo\webdriver_demo.csproj", "{AB8FEC1A-E6E8-482A-B8B7-D122A67CBE39}"
EndProject
Project("{FAE04EC0-301F-11D3-BF4B-00C04F79EFBC}") = "UnitTestProject1", "UnitTestProject1\UnitTestProject1.csproj", "{CCFC017F-8CFC-4621-9C89-6D16CA5C3FAC}"
EndProject
Global
	GlobalSection(SolutionConfigurationPlatforms) = preSolution
		Debug|Any CPU = Debug|Any CPU
		Release|Any CPU = Release|Any CPU
	EndGlobalSection
	GlobalSection(ProjectConfigurationPlatforms) = postSolution
		{AB8FEC1A-E6E8-482A-B8B7-D122A67CBE39}.Debug|Any CPU.ActiveCfg = Debug|Any CPU
		{AB8FEC1A-E6E8-482A-B8B7-D122A67CBE39}.Debug|Any CPU.Build.0 = Debug|Any CPU
		{AB8FEC1A-E6E8-482A-B8B7-D122A67CBE39}.Release|Any CPU.ActiveCfg = Release|Any CPU
		{AB8FEC1A-E6E8-482A-B8B7-D122A67CBE39}.Release|Any CPU.Build.0 = Release|Any CPU
		{CCFC017F-8CFC-4621-9C89-6D16CA5C3FAC}.Debug|Any CPU.ActiveCfg = Debug|Any CPU
		{CCFC017F-8CFC-4621-9C89-6D16CA5C3FAC}.Debug|Any CPU.Build.0 = Debug|Any CPU
		{CCFC017F-8CFC-4621-9C89-6D16CA5C3FAC}.Release|Any CPU.ActiveCfg = Release|Any CPU
		{CCFC017F-8CFC-4621-9C89-6D16CA5C3FAC}.Release|Any CPU.Build.0 = Release|Any CPU
	EndGlobalSection
	GlobalSection(SolutionProperties) = preSolution
		HideSolutionNode = FALSE
	EndGlobalSection
EndGlobal
